
Microsoft Visual Studio Solution File, Format Version 12.00
# Visual Studio 15
VisualStudioVersion = 15.0.28010.0
MinimumVisualStudioVersion = 10.0.40219.1
Project("{FAE04EC0-301F-11D3-BF4B-00C04F79EFBC}") = "AdvancedTextEditor", "AdvancedTextEditor\AdvancedTextEditor.csproj", "{6C359F0D-1E4E-41F6-ACF5-32FB06845262}"
EndProject
Global
	GlobalSection(SolutionConfigurationPlatforms) = preSolution
		Debug|Any CPU = Debug|Any CPU
		Release|Any CPU = Release|Any CPU
	EndGlobalSection
	GlobalSection(ProjectConfigurationPlatforms) = postSolution
		{6C359F0D-1E4E-41F6-ACF5-32FB06845262}.Debug|Any CPU.ActiveCfg = Debug|Any CPU
		{6C359F0D-1E4E-41F6-ACF5-32FB06845262}.Debug|Any CPU.Build.0 = Debug|Any CPU
		{6C359F0D-1E4E-41F6-ACF5-32FB06845262}.Release|Any CPU.ActiveCfg = Release|Any CPU
		{6C359F0D-1E4E-41F6-ACF5-32FB06845262}.Release|Any CPU.Build.0 = Release|Any CPU
	EndGlobalSection
	GlobalSection(SolutionProperties) = preSolution
		HideSolutionNode = FALSE
	EndGlobalSection
	GlobalSection(ExtensibilityGlobals) = postSolution
		SolutionGuid = {4F39C184-1608-498E-9CD4-711A5B203FAC}
	EndGlobalSection
EndGlobal
